
Microsoft Visual Studio Solution File, Format Version 12.00
# Visual Studio Version 16
VisualStudioVersion = 16.0.31424.327
MinimumVisualStudioVersion = 10.0.40219.1
Project("{2150E333-8FDC-42A3-9474-1A3956D46DE8}") = "Microservices", "Microservices", "{9F93B4FA-C804-4B5D-A8CB-5A746344458A}"
EndProject
Project("{2150E333-8FDC-42A3-9474-1A3956D46DE8}") = "Domain", "Domain", "{9C259240-0933-4A47-8CF5-F39A6DD1ECCB}"
EndProject
Project("{2150E333-8FDC-42A3-9474-1A3956D46DE8}") = "Infra.Bus", "Infra.Bus", "{92F4B15C-44ED-4382-9F71-176E5F4906B2}"
EndProject
Project("{2150E333-8FDC-42A3-9474-1A3956D46DE8}") = "Infra.IoC", "Infra.IoC", "{F5B46478-81B8-4AC5-A4C0-99FF774A65BC}"
EndProject
Project("{2150E333-8FDC-42A3-9474-1A3956D46DE8}") = "Presentation", "Presentation", "{18659A9B-A210-4372-827E-FD69FCC56A86}"
EndProject
Project("{9A19103F-16F7-4668-BE54-9A1E7A4F7556}") = "MicroRabbit.Domain.Core", "MicroRabbit.Domain.Core\MicroRabbit.Domain.Core.csproj", "{FA0D81C2-70ED-46FA-AC59-B681A5CA62C8}"
EndProject
Project("{9A19103F-16F7-4668-BE54-9A1E7A4F7556}") = "MicroRabbit.Infra.Bus", "MicroRabbit.Infra.Bus\MicroRabbit.Infra.Bus.csproj", "{A32C25B8-A90D-42D5-A9B8-9540EE9F070E}"
EndProject
Project("{9A19103F-16F7-4668-BE54-9A1E7A4F7556}") = "MicroRabbit.Infra.IoC", "MicroRabbit.Infra.IoC\MicroRabbit.Infra.IoC.csproj", "{3C9D2A9D-07E4-4A0A-8C3D-89F603E03087}"
EndProject
Project("{2150E333-8FDC-42A3-9474-1A3956D46DE8}") = "Banking", "Banking", "{99CD4B02-F605-47A0-9FFE-D20B58A50385}"
EndProject
Project("{2150E333-8FDC-42A3-9474-1A3956D46DE8}") = "Api", "Api", "{6D54D11B-325E-4F50-A03C-8FEAF3439975}"
EndProject
Project("{2150E333-8FDC-42A3-9474-1A3956D46DE8}") = "Domain", "Domain", "{BA8912BF-4219-4675-A232-AFEBEE9C98E3}"
EndProject
Project("{2150E333-8FDC-42A3-9474-1A3956D46DE8}") = "Application", "Application", "{F52FE357-C580-4B46-A066-FFC556A72A97}"
EndProject
Project("{2150E333-8FDC-42A3-9474-1A3956D46DE8}") = "Data", "Data", "{1980D3D5-EF5D-4AC3-94D2-6FD3F397318D}"
EndProject
Project("{9A19103F-16F7-4668-BE54-9A1E7A4F7556}") = "MicroRabbit.Banking.Data", "MicroRabbit.Banking.Data\MicroRabbit.Banking.Data.csproj", "{35CF5793-78F0-456F-B20B-D3ECDD4307FD}"
EndProject
Project("{9A19103F-16F7-4668-BE54-9A1E7A4F7556}") = "MicroRabbit.Banking.Domain", "MicroRabbit.Banking.Domain\MicroRabbit.Banking.Domain.csproj", "{3513F04D-EF95-4AC5-AFBF-4CABCAD9A322}"
EndProject
Project("{FAE04EC0-301F-11D3-BF4B-00C04F79EFBC}") = "MicroRabbit.Application.Api", "MicroRabbit.Application.Api\MicroRabbit.Application.Api.csproj", "{558E3685-97F9-476D-A8D8-E8AB0631AFF8}"
EndProject
Project("{2150E333-8FDC-42A3-9474-1A3956D46DE8}") = "Transfer", "Transfer", "{52C22342-7509-4BFA-8444-7484A513764B}"
EndProject
Project("{2150E333-8FDC-42A3-9474-1A3956D46DE8}") = "Api", "Api", "{9E0BE0E6-6EEF-4160-8899-8F99740E0426}"
EndProject
Project("{2150E333-8FDC-42A3-9474-1A3956D46DE8}") = "Application", "Application", "{6FA8B379-D46A-43EC-80F2-90501DB8A6DE}"
EndProject
Project("{2150E333-8FDC-42A3-9474-1A3956D46DE8}") = "Data", "Data", "{A3BD632F-C16F-4FFB-BF7F-0B5C45B63D21}"
EndProject
Project("{2150E333-8FDC-42A3-9474-1A3956D46DE8}") = "Domain", "Domain", "{017E1E5E-9228-4641-A735-F3459A9D140C}"
EndProject
Project("{FAE04EC0-301F-11D3-BF4B-00C04F79EFBC}") = "MicroRabbit.Transfer.Application", "MicroRabbit.Transfer.Application\MicroRabbit.Transfer.Application.csproj", "{D6A36D19-6DF0-44FC-9BF5-01327DF93BE7}"
EndProject
Project("{FAE04EC0-301F-11D3-BF4B-00C04F79EFBC}") = "MicroRabbit.Transfer.Data", "MicroRabbit.Transfer.Data\MicroRabbit.Transfer.Data.csproj", "{495453F9-1CFC-4940-96B7-663FFB6B6353}"
EndProject
Project("{FAE04EC0-301F-11D3-BF4B-00C04F79EFBC}") = "MicroRabbit.Transfer.Domain", "MicroRabbit.Transfer.Domain\MicroRabbit.Transfer.Domain.csproj", "{AB6E9956-9BCB-4C24-8AB1-6227783028F9}"
EndProject
Project("{FAE04EC0-301F-11D3-BF4B-00C04F79EFBC}") = "MicroRabbit.Transfer.Api", "MicroRabbit.Transfer.Api\MicroRabbit.Transfer.Api.csproj", "{4C0A2A56-E3F4-49E2-939A-19F6CE4D29E8}"
EndProject
Project("{FAE04EC0-301F-11D3-BF4B-00C04F79EFBC}") = "MicroRabbit.Banking.Application", "MicroRabbit.Banking.Application\MicroRabbit.Banking.Application.csproj", "{AA8A7C22-7ADA-40BE-B3E5-7A636D27C21F}"
EndProject
Global
	GlobalSection(SolutionConfigurationPlatforms) = preSolution
		Debug|Any CPU = Debug|Any CPU
		Release|Any CPU = Release|Any CPU
	EndGlobalSection
	GlobalSection(ProjectConfigurationPlatforms) = postSolution
		{FA0D81C2-70ED-46FA-AC59-B681A5CA62C8}.Debug|Any CPU.ActiveCfg = Debug|Any CPU
		{FA0D81C2-70ED-46FA-AC59-B681A5CA62C8}.Debug|Any CPU.Build.0 = Debug|Any CPU
		{FA0D81C2-70ED-46FA-AC59-B681A5CA62C8}.Release|Any CPU.ActiveCfg = Release|Any CPU
		{FA0D81C2-70ED-46FA-AC59-B681A5CA62C8}.Release|Any CPU.Build.0 = Release|Any CPU
		{A32C25B8-A90D-42D5-A9B8-9540EE9F070E}.Debug|Any CPU.ActiveCfg = Debug|Any CPU
		{A32C25B8-A90D-42D5-A9B8-9540EE9F070E}.Debug|Any CPU.Build.0 = Debug|Any CPU
		{A32C25B8-A90D-42D5-A9B8-9540EE9F070E}.Release|Any CPU.ActiveCfg = Release|Any CPU
		{A32C25B8-A90D-42D5-A9B8-9540EE9F070E}.Release|Any CPU.Build.0 = Release|Any CPU
		{3C9D2A9D-07E4-4A0A-8C3D-89F603E03087}.Debug|Any CPU.ActiveCfg = Debug|Any CPU
		{3C9D2A9D-07E4-4A0A-8C3D-89F603E03087}.Debug|Any CPU.Build.0 = Debug|Any CPU
		{3C9D2A9D-07E4-4A0A-8C3D-89F603E03087}.Release|Any CPU.ActiveCfg = Release|Any CPU
		{3C9D2A9D-07E4-4A0A-8C3D-89F603E03087}.Release|Any CPU.Build.0 = Release|Any CPU
		{35CF5793-78F0-456F-B20B-D3ECDD4307FD}.Debug|Any CPU.ActiveCfg = Debug|Any CPU
		{35CF5793-78F0-456F-B20B-D3ECDD4307FD}.Debug|Any CPU.Build.0 = Debug|Any CPU
		{35CF5793-78F0-456F-B20B-D3ECDD4307FD}.Release|Any CPU.ActiveCfg = Release|Any CPU
		{35CF5793-78F0-456F-B20B-D3ECDD4307FD}.Release|Any CPU.Build.0 = Release|Any CPU
		{3513F04D-EF95-4AC5-AFBF-4CABCAD9A322}.Debug|Any CPU.ActiveCfg = Debug|Any CPU
		{3513F04D-EF95-4AC5-AFBF-4CABCAD9A322}.Debug|Any CPU.Build.0 = Debug|Any CPU
		{3513F04D-EF95-4AC5-AFBF-4CABCAD9A322}.Release|Any CPU.ActiveCfg = Release|Any CPU
		{3513F04D-EF95-4AC5-AFBF-4CABCAD9A322}.Release|Any CPU.Build.0 = Release|Any CPU
		{558E3685-97F9-476D-A8D8-E8AB0631AFF8}.Debug|Any CPU.ActiveCfg = Debug|Any CPU
		{558E3685-97F9-476D-A8D8-E8AB0631AFF8}.Debug|Any CPU.Build.0 = Debug|Any CPU
		{558E3685-97F9-476D-A8D8-E8AB0631AFF8}.Release|Any CPU.ActiveCfg = Release|Any CPU
		{558E3685-97F9-476D-A8D8-E8AB0631AFF8}.Release|Any CPU.Build.0 = Release|Any CPU
		{D6A36D19-6DF0-44FC-9BF5-01327DF93BE7}.Debug|Any CPU.ActiveCfg = Debug|Any CPU
		{D6A36D19-6DF0-44FC-9BF5-01327DF93BE7}.Debug|Any CPU.Build.0 = Debug|Any CPU
		{D6A36D19-6DF0-44FC-9BF5-01327DF93BE7}.Release|Any CPU.ActiveCfg = Release|Any CPU
		{D6A36D19-6DF0-44FC-9BF5-01327DF93BE7}.Release|Any CPU.Build.0 = Release|Any CPU
		{495453F9-1CFC-4940-96B7-663FFB6B6353}.Debug|Any CPU.ActiveCfg = Debug|Any CPU
		{495453F9-1CFC-4940-96B7-663FFB6B6353}.Debug|Any CPU.Build.0 = Debug|Any CPU
		{495453F9-1CFC-4940-96B7-663FFB6B6353}.Release|Any CPU.ActiveCfg = Release|Any CPU
		{495453F9-1CFC-4940-96B7-663FFB6B6353}.Release|Any CPU.Build.0 = Release|Any CPU
		{AB6E9956-9BCB-4C24-8AB1-6227783028F9}.Debug|Any CPU.ActiveCfg = Debug|Any CPU
		{AB6E9956-9BCB-4C24-8AB1-6227783028F9}.Debug|Any CPU.Build.0 = Debug|Any CPU
		{AB6E9956-9BCB-4C24-8AB1-6227783028F9}.Release|Any CPU.ActiveCfg = Release|Any CPU
		{AB6E9956-9BCB-4C24-8AB1-6227783028F9}.Release|Any CPU.Build.0 = Release|Any CPU
		{4C0A2A56-E3F4-49E2-939A-19F6CE4D29E8}.Debug|Any CPU.ActiveCfg = Debug|Any CPU
		{4C0A2A56-E3F4-49E2-939A-19F6CE4D29E8}.Debug|Any CPU.Build.0 = Debug|Any CPU
		{4C0A2A56-E3F4-49E2-939A-19F6CE4D29E8}.Release|Any CPU.ActiveCfg = Release|Any CPU
		{4C0A2A56-E3F4-49E2-939A-19F6CE4D29E8}.Release|Any CPU.Build.0 = Release|Any CPU
		{AA8A7C22-7ADA-40BE-B3E5-7A636D27C21F}.Debug|Any CPU.ActiveCfg = Debug|Any CPU
		{AA8A7C22-7ADA-40BE-B3E5-7A636D27C21F}.Debug|Any CPU.Build.0 = Debug|Any CPU
		{AA8A7C22-7ADA-40BE-B3E5-7A636D27C21F}.Release|Any CPU.ActiveCfg = Release|Any CPU
		{AA8A7C22-7ADA-40BE-B3E5-7A636D27C21F}.Release|Any CPU.Build.0 = Release|Any CPU
	EndGlobalSection
	GlobalSection(SolutionProperties) = preSolution
		HideSolutionNode = FALSE
	EndGlobalSection
	GlobalSection(NestedProjects) = preSolution
		{FA0D81C2-70ED-46FA-AC59-B681A5CA62C8} = {9C259240-0933-4A47-8CF5-F39A6DD1ECCB}
		{A32C25B8-A90D-42D5-A9B8-9540EE9F070E} = {92F4B15C-44ED-4382-9F71-176E5F4906B2}
		{3C9D2A9D-07E4-4A0A-8C3D-89F603E03087} = {F5B46478-81B8-4AC5-A4C0-99FF774A65BC}
		{99CD4B02-F605-47A0-9FFE-D20B58A50385} = {9F93B4FA-C804-4B5D-A8CB-5A746344458A}
		{6D54D11B-325E-4F50-A03C-8FEAF3439975} = {99CD4B02-F605-47A0-9FFE-D20B58A50385}
		{BA8912BF-4219-4675-A232-AFEBEE9C98E3} = {99CD4B02-F605-47A0-9FFE-D20B58A50385}
		{F52FE357-C580-4B46-A066-FFC556A72A97} = {99CD4B02-F605-47A0-9FFE-D20B58A50385}
		{1980D3D5-EF5D-4AC3-94D2-6FD3F397318D} = {99CD4B02-F605-47A0-9FFE-D20B58A50385}
		{35CF5793-78F0-456F-B20B-D3ECDD4307FD} = {1980D3D5-EF5D-4AC3-94D2-6FD3F397318D}
		{3513F04D-EF95-4AC5-AFBF-4CABCAD9A322} = {BA8912BF-4219-4675-A232-AFEBEE9C98E3}
		{558E3685-97F9-476D-A8D8-E8AB0631AFF8} = {6D54D11B-325E-4F50-A03C-8FEAF3439975}
		{52C22342-7509-4BFA-8444-7484A513764B} = {9F93B4FA-C804-4B5D-A8CB-5A746344458A}
		{9E0BE0E6-6EEF-4160-8899-8F99740E0426} = {52C22342-7509-4BFA-8444-7484A513764B}
		{6FA8B379-D46A-43EC-80F2-90501DB8A6DE} = {52C22342-7509-4BFA-8444-7484A513764B}
		{A3BD632F-C16F-4FFB-BF7F-0B5C45B63D21} = {52C22342-7509-4BFA-8444-7484A513764B}
		{017E1E5E-9228-4641-A735-F3459A9D140C} = {52C22342-7509-4BFA-8444-7484A513764B}
		{D6A36D19-6DF0-44FC-9BF5-01327DF93BE7} = {6FA8B379-D46A-43EC-80F2-90501DB8A6DE}
		{495453F9-1CFC-4940-96B7-663FFB6B6353} = {A3BD632F-C16F-4FFB-BF7F-0B5C45B63D21}
		{AB6E9956-9BCB-4C24-8AB1-6227783028F9} = {017E1E5E-9228-4641-A735-F3459A9D140C}
		{4C0A2A56-E3F4-49E2-939A-19F6CE4D29E8} = {9E0BE0E6-6EEF-4160-8899-8F99740E0426}
		{AA8A7C22-7ADA-40BE-B3E5-7A636D27C21F} = {F52FE357-C580-4B46-A066-FFC556A72A97}
	EndGlobalSection
	GlobalSection(ExtensibilityGlobals) = postSolution
		SolutionGuid = {C59ED430-AF5D-4AEE-9AC1-EFC6194950C1}
	EndGlobalSection
EndGlobal
