
Microsoft Visual Studio Solution File, Format Version 12.00
# Visual Studio Version 16
VisualStudioVersion = 16.0.31424.327
MinimumVisualStudioVersion = 10.0.40219.1
Project("{2150E333-8FDC-42A3-9474-1A3956D46DE8}") = "Microservices", "Microservices", "{9F93B4FA-C804-4B5D-A8CB-5A746344458A}"
EndProject
Project("{2150E333-8FDC-42A3-9474-1A3956D46DE8}") = "Domain", "Domain", "{9C259240-0933-4A47-8CF5-F39A6DD1ECCB}"
EndProject
Project("{2150E333-8FDC-42A3-9474-1A3956D46DE8}") = "Infra.Bus", "Infra.Bus", "{92F4B15C-44ED-4382-9F71-176E5F4906B2}"
EndProject
Project("{2150E333-8FDC-42A3-9474-1A3956D46DE8}") = "Infra.IoC", "Infra.IoC", "{F5B46478-81B8-4AC5-A4C0-99FF774A65BC}"
EndProject
Project("{2150E333-8FDC-42A3-9474-1A3956D46DE8}") = "Presentation", "Presentation", "{18659A9B-A210-4372-827E-FD69FCC56A86}"
EndProject
Project("{FAE04EC0-301F-11D3-BF4B-00C04F79EFBC}") = "MicroRabbit.Domain.Core", "MicroRabbit.Domain.Core\MicroRabbit.Domain.Core.csproj", "{FA0D81C2-70ED-46FA-AC59-B681A5CA62C8}"
EndProject
Project("{FAE04EC0-301F-11D3-BF4B-00C04F79EFBC}") = "MicroRabbit.Infra.Bus", "MicroRabbit.Infra.Bus\MicroRabbit.Infra.Bus.csproj", "{A32C25B8-A90D-42D5-A9B8-9540EE9F070E}"
EndProject
Project("{FAE04EC0-301F-11D3-BF4B-00C04F79EFBC}") = "MicroRabbit.Infra.IoC", "MicroRabbit.Infra.IoC\MicroRabbit.Infra.IoC.csproj", "{3C9D2A9D-07E4-4A0A-8C3D-89F603E03087}"
EndProject
Project("{2150E333-8FDC-42A3-9474-1A3956D46DE8}") = "Banking", "Banking", "{99CD4B02-F605-47A0-9FFE-D20B58A50385}"
EndProject
Project("{2150E333-8FDC-42A3-9474-1A3956D46DE8}") = "Api", "Api", "{6D54D11B-325E-4F50-A03C-8FEAF3439975}"
EndProject
Project("{2150E333-8FDC-42A3-9474-1A3956D46DE8}") = "Domain", "Domain", "{BA8912BF-4219-4675-A232-AFEBEE9C98E3}"
EndProject
Project("{2150E333-8FDC-42A3-9474-1A3956D46DE8}") = "Application", "Application", "{F52FE357-C580-4B46-A066-FFC556A72A97}"
EndProject
Project("{2150E333-8FDC-42A3-9474-1A3956D46DE8}") = "Data", "Data", "{1980D3D5-EF5D-4AC3-94D2-6FD3F397318D}"
EndProject
Project("{FAE04EC0-301F-11D3-BF4B-00C04F79EFBC}") = "MicroRabbit.Banking.Api", "MicroRabbit.Banking.Api\MicroRabbit.Banking.Api.csproj", "{E8D0E3C9-6965-4F37-9865-131534C5DCE6}"
EndProject
Project("{FAE04EC0-301F-11D3-BF4B-00C04F79EFBC}") = "MicroRabbit-Banking.Application", "MicroRabbit-Banking.Application\MicroRabbit-Banking.Application.csproj", "{C6DA94CD-8C19-47A6-A6F5-A09ED33C23C5}"
EndProject
Project("{FAE04EC0-301F-11D3-BF4B-00C04F79EFBC}") = "MicroRabbit.Banking.Data", "MicroRabbit.Banking.Data\MicroRabbit.Banking.Data.csproj", "{35CF5793-78F0-456F-B20B-D3ECDD4307FD}"
EndProject
Project("{FAE04EC0-301F-11D3-BF4B-00C04F79EFBC}") = "MicroRabbit.Banking.Domain", "MicroRabbit.Banking.Domain\MicroRabbit.Banking.Domain.csproj", "{3513F04D-EF95-4AC5-AFBF-4CABCAD9A322}"
EndProject
Global
	GlobalSection(SolutionConfigurationPlatforms) = preSolution
		Debug|Any CPU = Debug|Any CPU
		Release|Any CPU = Release|Any CPU
	EndGlobalSection
	GlobalSection(ProjectConfigurationPlatforms) = postSolution
		{FA0D81C2-70ED-46FA-AC59-B681A5CA62C8}.Debug|Any CPU.ActiveCfg = Debug|Any CPU
		{FA0D81C2-70ED-46FA-AC59-B681A5CA62C8}.Debug|Any CPU.Build.0 = Debug|Any CPU
		{FA0D81C2-70ED-46FA-AC59-B681A5CA62C8}.Release|Any CPU.ActiveCfg = Release|Any CPU
		{FA0D81C2-70ED-46FA-AC59-B681A5CA62C8}.Release|Any CPU.Build.0 = Release|Any CPU
		{A32C25B8-A90D-42D5-A9B8-9540EE9F070E}.Debug|Any CPU.ActiveCfg = Debug|Any CPU
		{A32C25B8-A90D-42D5-A9B8-9540EE9F070E}.Debug|Any CPU.Build.0 = Debug|Any CPU
		{A32C25B8-A90D-42D5-A9B8-9540EE9F070E}.Release|Any CPU.ActiveCfg = Release|Any CPU
		{A32C25B8-A90D-42D5-A9B8-9540EE9F070E}.Release|Any CPU.Build.0 = Release|Any CPU
		{3C9D2A9D-07E4-4A0A-8C3D-89F603E03087}.Debug|Any CPU.ActiveCfg = Debug|Any CPU
		{3C9D2A9D-07E4-4A0A-8C3D-89F603E03087}.Debug|Any CPU.Build.0 = Debug|Any CPU
		{3C9D2A9D-07E4-4A0A-8C3D-89F603E03087}.Release|Any CPU.ActiveCfg = Release|Any CPU
		{3C9D2A9D-07E4-4A0A-8C3D-89F603E03087}.Release|Any CPU.Build.0 = Release|Any CPU
		{E8D0E3C9-6965-4F37-9865-131534C5DCE6}.Debug|Any CPU.ActiveCfg = Debug|Any CPU
		{E8D0E3C9-6965-4F37-9865-131534C5DCE6}.Debug|Any CPU.Build.0 = Debug|Any CPU
		{E8D0E3C9-6965-4F37-9865-131534C5DCE6}.Release|Any CPU.ActiveCfg = Release|Any CPU
		{E8D0E3C9-6965-4F37-9865-131534C5DCE6}.Release|Any CPU.Build.0 = Release|Any CPU
		{C6DA94CD-8C19-47A6-A6F5-A09ED33C23C5}.Debug|Any CPU.ActiveCfg = Debug|Any CPU
		{C6DA94CD-8C19-47A6-A6F5-A09ED33C23C5}.Debug|Any CPU.Build.0 = Debug|Any CPU
		{C6DA94CD-8C19-47A6-A6F5-A09ED33C23C5}.Release|Any CPU.ActiveCfg = Release|Any CPU
		{C6DA94CD-8C19-47A6-A6F5-A09ED33C23C5}.Release|Any CPU.Build.0 = Release|Any CPU
		{35CF5793-78F0-456F-B20B-D3ECDD4307FD}.Debug|Any CPU.ActiveCfg = Debug|Any CPU
		{35CF5793-78F0-456F-B20B-D3ECDD4307FD}.Debug|Any CPU.Build.0 = Debug|Any CPU
		{35CF5793-78F0-456F-B20B-D3ECDD4307FD}.Release|Any CPU.ActiveCfg = Release|Any CPU
		{35CF5793-78F0-456F-B20B-D3ECDD4307FD}.Release|Any CPU.Build.0 = Release|Any CPU
		{3513F04D-EF95-4AC5-AFBF-4CABCAD9A322}.Debug|Any CPU.ActiveCfg = Debug|Any CPU
		{3513F04D-EF95-4AC5-AFBF-4CABCAD9A322}.Debug|Any CPU.Build.0 = Debug|Any CPU
		{3513F04D-EF95-4AC5-AFBF-4CABCAD9A322}.Release|Any CPU.ActiveCfg = Release|Any CPU
		{3513F04D-EF95-4AC5-AFBF-4CABCAD9A322}.Release|Any CPU.Build.0 = Release|Any CPU
	EndGlobalSection
	GlobalSection(SolutionProperties) = preSolution
		HideSolutionNode = FALSE
	EndGlobalSection
	GlobalSection(NestedProjects) = preSolution
		{FA0D81C2-70ED-46FA-AC59-B681A5CA62C8} = {9C259240-0933-4A47-8CF5-F39A6DD1ECCB}
		{A32C25B8-A90D-42D5-A9B8-9540EE9F070E} = {92F4B15C-44ED-4382-9F71-176E5F4906B2}
		{3C9D2A9D-07E4-4A0A-8C3D-89F603E03087} = {F5B46478-81B8-4AC5-A4C0-99FF774A65BC}
		{99CD4B02-F605-47A0-9FFE-D20B58A50385} = {9F93B4FA-C804-4B5D-A8CB-5A746344458A}
		{6D54D11B-325E-4F50-A03C-8FEAF3439975} = {99CD4B02-F605-47A0-9FFE-D20B58A50385}
		{BA8912BF-4219-4675-A232-AFEBEE9C98E3} = {99CD4B02-F605-47A0-9FFE-D20B58A50385}
		{F52FE357-C580-4B46-A066-FFC556A72A97} = {99CD4B02-F605-47A0-9FFE-D20B58A50385}
		{1980D3D5-EF5D-4AC3-94D2-6FD3F397318D} = {99CD4B02-F605-47A0-9FFE-D20B58A50385}
		{E8D0E3C9-6965-4F37-9865-131534C5DCE6} = {6D54D11B-325E-4F50-A03C-8FEAF3439975}
		{C6DA94CD-8C19-47A6-A6F5-A09ED33C23C5} = {F52FE357-C580-4B46-A066-FFC556A72A97}
		{35CF5793-78F0-456F-B20B-D3ECDD4307FD} = {1980D3D5-EF5D-4AC3-94D2-6FD3F397318D}
		{3513F04D-EF95-4AC5-AFBF-4CABCAD9A322} = {BA8912BF-4219-4675-A232-AFEBEE9C98E3}
	EndGlobalSection
	GlobalSection(ExtensibilityGlobals) = postSolution
		SolutionGuid = {C59ED430-AF5D-4AEE-9AC1-EFC6194950C1}
	EndGlobalSection
EndGlobal
